// !$*UTF8*$!
{
	archiveVersion = 1;
	classes = {
	};
	objectVersion = 46;
	objects = {

/* Begin PBXBuildFile section */
		9557286C1D18A27F00ED8692 /* AppDelegate.swift in Sources */ = {isa = PBXBuildFile; fileRef = 9557286B1D18A27F00ED8692 /* AppDelegate.swift */; };
		9557286E1D18A28000ED8692 /* ImageViewController.swift in Sources */ = {isa = PBXBuildFile; fileRef = 9557286D1D18A28000ED8692 /* ImageViewController.swift */; };
		955728711D18A28000ED8692 /* Main.storyboard in Resources */ = {isa = PBXBuildFile; fileRef = 9557286F1D18A28000ED8692 /* Main.storyboard */; };
		955728731D18A28000ED8692 /* Assets.xcassets in Resources */ = {isa = PBXBuildFile; fileRef = 955728721D18A28000ED8692 /* Assets.xcassets */; };
		955728761D18A28000ED8692 /* LaunchScreen.storyboard in Resources */ = {isa = PBXBuildFile; fileRef = 955728741D18A28000ED8692 /* LaunchScreen.storyboard */; };
		9557289F1D19B72B00ED8692 /* Post.swift in Sources */ = {isa = PBXBuildFile; fileRef = 9557289E1D19B72B00ED8692 /* Post.swift */; };
		955728A41D1A035400ED8692 /* Setup.swift in Sources */ = {isa = PBXBuildFile; fileRef = 955728A31D1A035400ED8692 /* Setup.swift */; };
/* End PBXBuildFile section */

/* Begin PBXFileReference section */
		955728681D18A27F00ED8692 /* Instagraminator.app */ = {isa = PBXFileReference; explicitFileType = wrapper.application; includeInIndex = 0; path = Instagraminator.app; sourceTree = BUILT_PRODUCTS_DIR; };
		9557286B1D18A27F00ED8692 /* AppDelegate.swift */ = {isa = PBXFileReference; lastKnownFileType = sourcecode.swift; path = AppDelegate.swift; sourceTree = "<group>"; };
		9557286D1D18A28000ED8692 /* ImageViewController.swift */ = {isa = PBXFileReference; lastKnownFileType = sourcecode.swift; path = ImageViewController.swift; sourceTree = "<group>"; };
		955728701D18A28000ED8692 /* Base */ = {isa = PBXFileReference; lastKnownFileType = file.storyboard; name = Base; path = Base.lproj/Main.storyboard; sourceTree = "<group>"; };
		955728721D18A28000ED8692 /* Assets.xcassets */ = {isa = PBXFileReference; lastKnownFileType = folder.assetcatalog; path = Assets.xcassets; sourceTree = "<group>"; };
		955728751D18A28000ED8692 /* Base */ = {isa = PBXFileReference; lastKnownFileType = file.storyboard; name = Base; path = Base.lproj/LaunchScreen.storyboard; sourceTree = "<group>"; };
		955728771D18A28000ED8692 /* Info.plist */ = {isa = PBXFileReference; lastKnownFileType = text.plist.xml; path = Info.plist; sourceTree = "<group>"; };
		9557289E1D19B72B00ED8692 /* Post.swift */ = {isa = PBXFileReference; fileEncoding = 4; lastKnownFileType = sourcecode.swift; path = Post.swift; sourceTree = "<group>"; };
		955728A31D1A035400ED8692 /* Setup.swift */ = {isa = PBXFileReference; fileEncoding = 4; lastKnownFileType = sourcecode.swift; path = Setup.swift; sourceTree = "<group>"; };
/* End PBXFileReference section */

/* Begin PBXFrameworksBuildPhase section */
		955728651D18A27F00ED8692 /* Frameworks */ = {
			isa = PBXFrameworksBuildPhase;
			buildActionMask = 2147483647;
			files = (
			);
			runOnlyForDeploymentPostprocessing = 0;
		};
/* End PBXFrameworksBuildPhase section */

/* Begin PBXGroup section */
		9557285F1D18A27F00ED8692 = {
			isa = PBXGroup;
			children = (
				955728A51D1A036F00ED8692 /* Protocol */,
				955728A01D19B73700ED8692 /* Model */,
				9557286A1D18A27F00ED8692 /* Instagraminator */,
				955728691D18A27F00ED8692 /* Products */,
			);
			sourceTree = "<group>";
		};
		955728691D18A27F00ED8692 /* Products */ = {
			isa = PBXGroup;
			children = (
				955728681D18A27F00ED8692 /* Instagraminator.app */,
			);
			name = Products;
			sourceTree = "<group>";
		};
		9557286A1D18A27F00ED8692 /* Instagraminator */ = {
			isa = PBXGroup;
			children = (
				9557287F1D18A31D00ED8692 /* App Global */,
				9557287D1D18A2AA00ED8692 /* Controller */,
				9557287E1D18A2FE00ED8692 /* View */,
			);
			path = Instagraminator;
			sourceTree = "<group>";
		};
		9557287D1D18A2AA00ED8692 /* Controller */ = {
			isa = PBXGroup;
			children = (
				9557286D1D18A28000ED8692 /* ImageViewController.swift */,
			);
			name = Controller;
			sourceTree = "<group>";
		};
		9557287E1D18A2FE00ED8692 /* View */ = {
			isa = PBXGroup;
			children = (
				9557286F1D18A28000ED8692 /* Main.storyboard */,
				955728721D18A28000ED8692 /* Assets.xcassets */,
				955728741D18A28000ED8692 /* LaunchScreen.storyboard */,
			);
			name = View;
			sourceTree = "<group>";
		};
		9557287F1D18A31D00ED8692 /* App Global */ = {
			isa = PBXGroup;
			children = (
				9557286B1D18A27F00ED8692 /* AppDelegate.swift */,
				955728771D18A28000ED8692 /* Info.plist */,
			);
			name = "App Global";
			sourceTree = "<group>";
		};
		955728A01D19B73700ED8692 /* Model */ = {
			isa = PBXGroup;
			children = (
				9557289E1D19B72B00ED8692 /* Post.swift */,
			);
			name = Model;
			sourceTree = "<group>";
		};
		955728A51D1A036F00ED8692 /* Protocol */ = {
			isa = PBXGroup;
			children = (
				955728A31D1A035400ED8692 /* Setup.swift */,
			);
			name = Protocol;
			sourceTree = "<group>";
		};
/* End PBXGroup section */

/* Begin PBXNativeTarget section */
		955728671D18A27F00ED8692 /* Instagraminator */ = {
			isa = PBXNativeTarget;
			buildConfigurationList = 9557287A1D18A28000ED8692 /* Build configuration list for PBXNativeTarget "Instagraminator" */;
			buildPhases = (
				955728641D18A27F00ED8692 /* Sources */,
				955728651D18A27F00ED8692 /* Frameworks */,
				955728661D18A27F00ED8692 /* Resources */,
			);
			buildRules = (
			);
			dependencies = (
			);
			name = Instagraminator;
			productName = Instagraminator;
			productReference = 955728681D18A27F00ED8692 /* Instagraminator.app */;
			productType = "com.apple.product-type.application";
		};
/* End PBXNativeTarget section */

/* Begin PBXProject section */
		955728601D18A27F00ED8692 /* Project object */ = {
			isa = PBXProject;
			attributes = {
				LastSwiftUpdateCheck = 0730;
				LastUpgradeCheck = 0730;
				ORGANIZATIONNAME = "Jeffrey Eng";
				TargetAttributes = {
					955728671D18A27F00ED8692 = {
						CreatedOnToolsVersion = 7.3.1;
					};
				};
			};
			buildConfigurationList = 955728631D18A27F00ED8692 /* Build configuration list for PBXProject "Instagraminator" */;
			compatibilityVersion = "Xcode 3.2";
			developmentRegion = English;
			hasScannedForEncodings = 0;
			knownRegions = (
				en,
				Base,
			);
			mainGroup = 9557285F1D18A27F00ED8692;
			productRefGroup = 955728691D18A27F00ED8692 /* Products */;
			projectDirPath = "";
			projectRoot = "";
			targets = (
				955728671D18A27F00ED8692 /* Instagraminator */,
			);
		};
/* End PBXProject section */

/* Begin PBXResourcesBuildPhase section */
		955728661D18A27F00ED8692 /* Resources */ = {
			isa = PBXResourcesBuildPhase;
			buildActionMask = 2147483647;
			files = (
				955728761D18A28000ED8692 /* LaunchScreen.storyboard in Resources */,
				955728731D18A28000ED8692 /* Assets.xcassets in Resources */,
				955728711D18A28000ED8692 /* Main.storyboard in Resources */,
			);
			runOnlyForDeploymentPostprocessing = 0;
		};
/* End PBXResourcesBuildPhase section */

/* Begin PBXSourcesBuildPhase section */
		955728641D18A27F00ED8692 /* Sources */ = {
			isa = PBXSourcesBuildPhase;
			buildActionMask = 2147483647;
			files = (
				9557289F1D19B72B00ED8692 /* Post.swift in Sources */,
				9557286E1D18A28000ED8692 /* ImageViewController.swift in Sources */,
				9557286C1D18A27F00ED8692 /* AppDelegate.swift in Sources */,
				955728A41D1A035400ED8692 /* Setup.swift in Sources */,
			);
			runOnlyForDeploymentPostprocessing = 0;
		};
/* End PBXSourcesBuildPhase section */

/* Begin PBXVariantGroup section */
		9557286F1D18A28000ED8692 /* Main.storyboard */ = {
			isa = PBXVariantGroup;
			children = (
				955728701D18A28000ED8692 /* Base */,
			);
			name = Main.storyboard;
			sourceTree = "<group>";
		};
		955728741D18A28000ED8692 /* LaunchScreen.storyboard */ = {
			isa = PBXVariantGroup;
			children = (
				955728751D18A28000ED8692 /* Base */,
			);
			name = LaunchScreen.storyboard;
			sourceTree = "<group>";
		};
/* End PBXVariantGroup section */

/* Begin XCBuildConfiguration section */
		955728781D18A28000ED8692 /* Debug */ = {
			isa = XCBuildConfiguration;
			buildSettings = {
				ALWAYS_SEARCH_USER_PATHS = NO;
				CLANG_ANALYZER_NONNULL = YES;
				CLANG_CXX_LANGUAGE_STANDARD = "gnu++0x";
				CLANG_CXX_LIBRARY = "libc++";
				CLANG_ENABLE_MODULES = YES;
				CLANG_ENABLE_OBJC_ARC = YES;
				CLANG_WARN_BOOL_CONVERSION = YES;
				CLANG_WARN_CONSTANT_CONVERSION = YES;
				CLANG_WARN_DIRECT_OBJC_ISA_USAGE = YES_ERROR;
				CLANG_WARN_EMPTY_BODY = YES;
				CLANG_WARN_ENUM_CONVERSION = YES;
				CLANG_WARN_INT_CONVERSION = YES;
				CLANG_WARN_OBJC_ROOT_CLASS = YES_ERROR;
				CLANG_WARN_UNREACHABLE_CODE = YES;
				CLANG_WARN__DUPLICATE_METHOD_MATCH = YES;
				"CODE_SIGN_IDENTITY[sdk=iphoneos*]" = "iPhone Developer";
				COPY_PHASE_STRIP = NO;
				DEBUG_INFORMATION_FORMAT = dwarf;
				ENABLE_STRICT_OBJC_MSGSEND = YES;
				ENABLE_TESTABILITY = YES;
				GCC_C_LANGUAGE_STANDARD = gnu99;
				GCC_DYNAMIC_NO_PIC = NO;
				GCC_NO_COMMON_BLOCKS = YES;
				GCC_OPTIMIZATION_LEVEL = 0;
				GCC_PREPROCESSOR_DEFINITIONS = (
					"DEBUG=1",
					"$(inherited)",
				);
				GCC_WARN_64_TO_32_BIT_CONVERSION = YES;
				GCC_WARN_ABOUT_RETURN_TYPE = YES_ERROR;
				GCC_WARN_UNDECLARED_SELECTOR = YES;
				GCC_WARN_UNINITIALIZED_AUTOS = YES_AGGRESSIVE;
				GCC_WARN_UNUSED_FUNCTION = YES;
				GCC_WARN_UNUSED_VARIABLE = YES;
				IPHONEOS_DEPLOYMENT_TARGET = 9.3;
				MTL_ENABLE_DEBUG_INFO = YES;
				ONLY_ACTIVE_ARCH = YES;
				SDKROOT = iphoneos;
				SWIFT_OPTIMIZATION_LEVEL = "-Onone";
				TARGETED_DEVICE_FAMILY = "1,2";
			};
			name = Debug;
		};
		955728791D18A28000ED8692 /* Release */ = {
			isa = XCBuildConfiguration;
			buildSettings = {
				ALWAYS_SEARCH_USER_PATHS = NO;
				CLANG_ANALYZER_NONNULL = YES;
				CLANG_CXX_LANGUAGE_STANDARD = "gnu++0x";
				CLANG_CXX_LIBRARY = "libc++";
				CLANG_ENABLE_MODULES = YES;
				CLANG_ENABLE_OBJC_ARC = YES;
				CLANG_WARN_BOOL_CONVERSION = YES;
				CLANG_WARN_CONSTANT_CONVERSION = YES;
				CLANG_WARN_DIRECT_OBJC_ISA_USAGE = YES_ERROR;
				CLANG_WARN_EMPTY_BODY = YES;
				CLANG_WARN_ENUM_CONVERSION = YES;
				CLANG_WARN_INT_CONVERSION = YES;
				CLANG_WARN_OBJC_ROOT_CLASS = YES_ERROR;
				CLANG_WARN_UNREACHABLE_CODE = YES;
				CLANG_WARN__DUPLICATE_METHOD_MATCH = YES;
				"CODE_SIGN_IDENTITY[sdk=iphoneos*]" = "iPhone Developer";
				COPY_PHASE_STRIP = NO;
				DEBUG_INFORMATION_FORMAT = "dwarf-with-dsym";
				ENABLE_NS_ASSERTIONS = NO;
				ENABLE_STRICT_OBJC_MSGSEND = YES;
				GCC_C_LANGUAGE_STANDARD = gnu99;
				GCC_NO_COMMON_BLOCKS = YES;
				GCC_WARN_64_TO_32_BIT_CONVERSION = YES;
				GCC_WARN_ABOUT_RETURN_TYPE = YES_ERROR;
				GCC_WARN_UNDECLARED_SELECTOR = YES;
				GCC_WARN_UNINITIALIZED_AUTOS = YES_AGGRESSIVE;
				GCC_WARN_UNUSED_FUNCTION = YES;
				GCC_WARN_UNUSED_VARIABLE = YES;
				IPHONEOS_DEPLOYMENT_TARGET = 9.3;
				MTL_ENABLE_DEBUG_INFO = NO;
				SDKROOT = iphoneos;
				TARGETED_DEVICE_FAMILY = "1,2";
				VALIDATE_PRODUCT = YES;
			};
			name = Release;
		};
		9557287B1D18A28000ED8692 /* Debug */ = {
			isa = XCBuildConfiguration;
			buildSettings = {
				ASSETCATALOG_COMPILER_APPICON_NAME = AppIcon;
				INFOPLIST_FILE = Instagraminator/Info.plist;
				LD_RUNPATH_SEARCH_PATHS = "$(inherited) @executable_path/Frameworks";
				PRODUCT_BUNDLE_IDENTIFIER = com.jeffeng.Instagraminator;
				PRODUCT_NAME = "$(TARGET_NAME)";
			};
			name = Debug;
		};
		9557287C1D18A28000ED8692 /* Release */ = {
			isa = XCBuildConfiguration;
			buildSettings = {
				ASSETCATALOG_COMPILER_APPICON_NAME = AppIcon;
				INFOPLIST_FILE = Instagraminator/Info.plist;
				LD_RUNPATH_SEARCH_PATHS = "$(inherited) @executable_path/Frameworks";
				PRODUCT_BUNDLE_IDENTIFIER = com.jeffeng.Instagraminator;
				PRODUCT_NAME = "$(TARGET_NAME)";
			};
			name = Release;
		};
/* End XCBuildConfiguration section */

/* Begin XCConfigurationList section */
		955728631D18A27F00ED8692 /* Build configuration list for PBXProject "Instagraminator" */ = {
			isa = XCConfigurationList;
			buildConfigurations = (
				955728781D18A28000ED8692 /* Debug */,
				955728791D18A28000ED8692 /* Release */,
			);
			defaultConfigurationIsVisible = 0;
			defaultConfigurationName = Release;
		};
		9557287A1D18A28000ED8692 /* Build configuration list for PBXNativeTarget "Instagraminator" */ = {
			isa = XCConfigurationList;
			buildConfigurations = (
				9557287B1D18A28000ED8692 /* Debug */,
				9557287C1D18A28000ED8692 /* Release */,
			);
			defaultConfigurationIsVisible = 0;
			defaultConfigurationName = Release;
		};
/* End XCConfigurationList section */
	};
	rootObject = 955728601D18A27F00ED8692 /* Project object */;
}
